
Microsoft Visual Studio Solution File, Format Version 12.00
# Visual Studio Version 16
VisualStudioVersion = 16.0.30413.136
MinimumVisualStudioVersion = 10.0.40219.1
Project("{FAE04EC0-301F-11D3-BF4B-00C04F79EFBC}") = "TrafficLights.Model", "TrafficLight.Model\TrafficLights.Model.csproj", "{3553F67F-EB2D-4603-B2CC-B4566744EA9D}"
EndProject
Project("{FAE04EC0-301F-11D3-BF4B-00C04F79EFBC}") = "TrafficLights.Data", "TrafficLight.Data\TrafficLights.Data.csproj", "{5D04A847-1BCE-48C7-B4AD-152EDF18D4BD}"
EndProject
Project("{FAE04EC0-301F-11D3-BF4B-00C04F79EFBC}") = "TrafficLights.Core", "TrafficLight.Core\TrafficLights.Core.csproj", "{E73F3EC4-F813-422D-B8C8-C2BE1399D0F1}"
EndProject
Project("{FAE04EC0-301F-11D3-BF4B-00C04F79EFBC}") = "TrafficLights.WorkerService", "TrafficLights.WorkerService\TrafficLights.WorkerService.csproj", "{1A05FC7A-3121-4A56-9054-898C240834B4}"
EndProject
Project("{FAE04EC0-301F-11D3-BF4B-00C04F79EFBC}") = "TrafficLights.Api", "TrafficLights.Api\TrafficLights.Api.csproj", "{AF1C0B8A-BF3D-4699-9B7E-82245C33B3C0}"
EndProject
Global
	GlobalSection(SolutionConfigurationPlatforms) = preSolution
		Debug|Any CPU = Debug|Any CPU
		Release|Any CPU = Release|Any CPU
	EndGlobalSection
	GlobalSection(ProjectConfigurationPlatforms) = postSolution
		{3553F67F-EB2D-4603-B2CC-B4566744EA9D}.Debug|Any CPU.ActiveCfg = Debug|Any CPU
		{3553F67F-EB2D-4603-B2CC-B4566744EA9D}.Debug|Any CPU.Build.0 = Debug|Any CPU
		{3553F67F-EB2D-4603-B2CC-B4566744EA9D}.Release|Any CPU.ActiveCfg = Release|Any CPU
		{3553F67F-EB2D-4603-B2CC-B4566744EA9D}.Release|Any CPU.Build.0 = Release|Any CPU
		{5D04A847-1BCE-48C7-B4AD-152EDF18D4BD}.Debug|Any CPU.ActiveCfg = Debug|Any CPU
		{5D04A847-1BCE-48C7-B4AD-152EDF18D4BD}.Debug|Any CPU.Build.0 = Debug|Any CPU
		{5D04A847-1BCE-48C7-B4AD-152EDF18D4BD}.Release|Any CPU.ActiveCfg = Release|Any CPU
		{5D04A847-1BCE-48C7-B4AD-152EDF18D4BD}.Release|Any CPU.Build.0 = Release|Any CPU
		{E73F3EC4-F813-422D-B8C8-C2BE1399D0F1}.Debug|Any CPU.ActiveCfg = Debug|Any CPU
		{E73F3EC4-F813-422D-B8C8-C2BE1399D0F1}.Debug|Any CPU.Build.0 = Debug|Any CPU
		{E73F3EC4-F813-422D-B8C8-C2BE1399D0F1}.Release|Any CPU.ActiveCfg = Release|Any CPU
		{E73F3EC4-F813-422D-B8C8-C2BE1399D0F1}.Release|Any CPU.Build.0 = Release|Any CPU
		{1A05FC7A-3121-4A56-9054-898C240834B4}.Debug|Any CPU.ActiveCfg = Debug|Any CPU
		{1A05FC7A-3121-4A56-9054-898C240834B4}.Debug|Any CPU.Build.0 = Debug|Any CPU
		{1A05FC7A-3121-4A56-9054-898C240834B4}.Release|Any CPU.ActiveCfg = Release|Any CPU
		{1A05FC7A-3121-4A56-9054-898C240834B4}.Release|Any CPU.Build.0 = Release|Any CPU
		{AF1C0B8A-BF3D-4699-9B7E-82245C33B3C0}.Debug|Any CPU.ActiveCfg = Debug|Any CPU
		{AF1C0B8A-BF3D-4699-9B7E-82245C33B3C0}.Debug|Any CPU.Build.0 = Debug|Any CPU
		{AF1C0B8A-BF3D-4699-9B7E-82245C33B3C0}.Release|Any CPU.ActiveCfg = Release|Any CPU
		{AF1C0B8A-BF3D-4699-9B7E-82245C33B3C0}.Release|Any CPU.Build.0 = Release|Any CPU
	EndGlobalSection
	GlobalSection(SolutionProperties) = preSolution
		HideSolutionNode = FALSE
	EndGlobalSection
	GlobalSection(ExtensibilityGlobals) = postSolution
		SolutionGuid = {F48D8D51-18DC-4847-9E8C-1877BC4C9EEA}
	EndGlobalSection
EndGlobal
