
Microsoft Visual Studio Solution File, Format Version 12.00
# Visual Studio Version 16
VisualStudioVersion = 16.0.30413.136
MinimumVisualStudioVersion = 10.0.40219.1
Project("{9A19103F-16F7-4668-BE54-9A1E7A4F7556}") = "TrafficLights.Model", "TrafficLight.Model\TrafficLights.Model.csproj", "{3553F67F-EB2D-4603-B2CC-B4566744EA9D}"
EndProject
Project("{9A19103F-16F7-4668-BE54-9A1E7A4F7556}") = "TrafficLights.Data", "TrafficLight.Data\TrafficLights.Data.csproj", "{5D04A847-1BCE-48C7-B4AD-152EDF18D4BD}"
EndProject
Project("{9A19103F-16F7-4668-BE54-9A1E7A4F7556}") = "TrafficLights.WorkerService", "TrafficLights.WorkerService\TrafficLights.WorkerService.csproj", "{1A05FC7A-3121-4A56-9054-898C240834B4}"
EndProject
Project("{9A19103F-16F7-4668-BE54-9A1E7A4F7556}") = "TrafficLights.Api", "TrafficLights.Api\TrafficLights.Api.csproj", "{AF1C0B8A-BF3D-4699-9B7E-82245C33B3C0}"
EndProject
Project("{9A19103F-16F7-4668-BE54-9A1E7A4F7556}") = "TrafficLights.Auth", "TrafficLights.Auth\TrafficLights.Auth.csproj", "{4D0BFF43-A462-46F6-91FF-5E4339412BCF}"
EndProject
Project("{E53339B2-1760-4266-BCC7-CA923CBCF16C}") = "docker-compose", "docker-compose.dcproj", "{8E6CB405-B4DC-42C5-989A-8C1C24ACB905}"
EndProject
Project("{9A19103F-16F7-4668-BE54-9A1E7A4F7556}") = "TrafficLights.Auth.Data", "..\TrafficLights.Auth.Data\TrafficLights.Auth.Data.csproj", "{D29A4177-7C54-4F0C-AEDF-10CFEEACAE78}"
EndProject
Project("{9A19103F-16F7-4668-BE54-9A1E7A4F7556}") = "TrafficLights.Auth.Core", "..\TrafficLights.Auth.Core\TrafficLights.Auth.Core.csproj", "{59D881D7-B699-40A7-957E-41EB824779AA}"
EndProject
Project("{9A19103F-16F7-4668-BE54-9A1E7A4F7556}") = "TrafficLights.Auth.Model", "..\TrafficLights.Auth.Model\TrafficLights.Auth.Model.csproj", "{4AF7CD98-BD3B-4BBF-9186-945A0DA58333}"
EndProject
Project("{9A19103F-16F7-4668-BE54-9A1E7A4F7556}") = "Notifications", "Notifications\Notifications.csproj", "{38F38468-641E-46CE-B99D-B1677257D5B8}"
EndProject
Project("{9A19103F-16F7-4668-BE54-9A1E7A4F7556}") = "Notifications.Core", "Notifications.Core\Notifications.Core.csproj", "{10787C53-2F4E-4122-AC25-787EDD0FFDE1}"
EndProject
Project("{FAE04EC0-301F-11D3-BF4B-00C04F79EFBC}") = "TrafficLights.Shared", "..\TrafficLights.Shared\TrafficLights.Shared.csproj", "{A754540C-DB49-4991-BEFE-7E5023478988}"
EndProject
Project("{FAE04EC0-301F-11D3-BF4B-00C04F79EFBC}") = "TrafficLight.Identity.Shared", "..\TrafficLight.Identity.Shared\TrafficLight.Identity.Shared.csproj", "{46213546-9C07-4A29-880F-388186B25448}"
EndProject
Global
	GlobalSection(SolutionConfigurationPlatforms) = preSolution
		Debug|Any CPU = Debug|Any CPU
		Release|Any CPU = Release|Any CPU
	EndGlobalSection
	GlobalSection(ProjectConfigurationPlatforms) = postSolution
		{3553F67F-EB2D-4603-B2CC-B4566744EA9D}.Debug|Any CPU.ActiveCfg = Debug|Any CPU
		{3553F67F-EB2D-4603-B2CC-B4566744EA9D}.Debug|Any CPU.Build.0 = Debug|Any CPU
		{3553F67F-EB2D-4603-B2CC-B4566744EA9D}.Release|Any CPU.ActiveCfg = Release|Any CPU
		{3553F67F-EB2D-4603-B2CC-B4566744EA9D}.Release|Any CPU.Build.0 = Release|Any CPU
		{5D04A847-1BCE-48C7-B4AD-152EDF18D4BD}.Debug|Any CPU.ActiveCfg = Debug|Any CPU
		{5D04A847-1BCE-48C7-B4AD-152EDF18D4BD}.Debug|Any CPU.Build.0 = Debug|Any CPU
		{5D04A847-1BCE-48C7-B4AD-152EDF18D4BD}.Release|Any CPU.ActiveCfg = Release|Any CPU
		{5D04A847-1BCE-48C7-B4AD-152EDF18D4BD}.Release|Any CPU.Build.0 = Release|Any CPU
		{1A05FC7A-3121-4A56-9054-898C240834B4}.Debug|Any CPU.ActiveCfg = Debug|Any CPU
		{1A05FC7A-3121-4A56-9054-898C240834B4}.Debug|Any CPU.Build.0 = Debug|Any CPU
		{1A05FC7A-3121-4A56-9054-898C240834B4}.Release|Any CPU.ActiveCfg = Release|Any CPU
		{1A05FC7A-3121-4A56-9054-898C240834B4}.Release|Any CPU.Build.0 = Release|Any CPU
		{AF1C0B8A-BF3D-4699-9B7E-82245C33B3C0}.Debug|Any CPU.ActiveCfg = Debug|Any CPU
		{AF1C0B8A-BF3D-4699-9B7E-82245C33B3C0}.Debug|Any CPU.Build.0 = Debug|Any CPU
		{AF1C0B8A-BF3D-4699-9B7E-82245C33B3C0}.Release|Any CPU.ActiveCfg = Release|Any CPU
		{AF1C0B8A-BF3D-4699-9B7E-82245C33B3C0}.Release|Any CPU.Build.0 = Release|Any CPU
		{4D0BFF43-A462-46F6-91FF-5E4339412BCF}.Debug|Any CPU.ActiveCfg = Debug|Any CPU
		{4D0BFF43-A462-46F6-91FF-5E4339412BCF}.Debug|Any CPU.Build.0 = Debug|Any CPU
		{4D0BFF43-A462-46F6-91FF-5E4339412BCF}.Release|Any CPU.ActiveCfg = Release|Any CPU
		{4D0BFF43-A462-46F6-91FF-5E4339412BCF}.Release|Any CPU.Build.0 = Release|Any CPU
		{8E6CB405-B4DC-42C5-989A-8C1C24ACB905}.Debug|Any CPU.ActiveCfg = Debug|Any CPU
		{8E6CB405-B4DC-42C5-989A-8C1C24ACB905}.Debug|Any CPU.Build.0 = Debug|Any CPU
		{8E6CB405-B4DC-42C5-989A-8C1C24ACB905}.Release|Any CPU.ActiveCfg = Release|Any CPU
		{8E6CB405-B4DC-42C5-989A-8C1C24ACB905}.Release|Any CPU.Build.0 = Release|Any CPU
		{D29A4177-7C54-4F0C-AEDF-10CFEEACAE78}.Debug|Any CPU.ActiveCfg = Debug|Any CPU
		{D29A4177-7C54-4F0C-AEDF-10CFEEACAE78}.Debug|Any CPU.Build.0 = Debug|Any CPU
		{D29A4177-7C54-4F0C-AEDF-10CFEEACAE78}.Release|Any CPU.ActiveCfg = Release|Any CPU
		{D29A4177-7C54-4F0C-AEDF-10CFEEACAE78}.Release|Any CPU.Build.0 = Release|Any CPU
		{59D881D7-B699-40A7-957E-41EB824779AA}.Debug|Any CPU.ActiveCfg = Debug|Any CPU
		{59D881D7-B699-40A7-957E-41EB824779AA}.Debug|Any CPU.Build.0 = Debug|Any CPU
		{59D881D7-B699-40A7-957E-41EB824779AA}.Release|Any CPU.ActiveCfg = Release|Any CPU
		{59D881D7-B699-40A7-957E-41EB824779AA}.Release|Any CPU.Build.0 = Release|Any CPU
		{4AF7CD98-BD3B-4BBF-9186-945A0DA58333}.Debug|Any CPU.ActiveCfg = Debug|Any CPU
		{4AF7CD98-BD3B-4BBF-9186-945A0DA58333}.Debug|Any CPU.Build.0 = Debug|Any CPU
		{4AF7CD98-BD3B-4BBF-9186-945A0DA58333}.Release|Any CPU.ActiveCfg = Release|Any CPU
		{4AF7CD98-BD3B-4BBF-9186-945A0DA58333}.Release|Any CPU.Build.0 = Release|Any CPU
		{38F38468-641E-46CE-B99D-B1677257D5B8}.Debug|Any CPU.ActiveCfg = Debug|Any CPU
		{38F38468-641E-46CE-B99D-B1677257D5B8}.Debug|Any CPU.Build.0 = Debug|Any CPU
		{38F38468-641E-46CE-B99D-B1677257D5B8}.Release|Any CPU.ActiveCfg = Release|Any CPU
		{38F38468-641E-46CE-B99D-B1677257D5B8}.Release|Any CPU.Build.0 = Release|Any CPU
		{10787C53-2F4E-4122-AC25-787EDD0FFDE1}.Debug|Any CPU.ActiveCfg = Debug|Any CPU
		{10787C53-2F4E-4122-AC25-787EDD0FFDE1}.Debug|Any CPU.Build.0 = Debug|Any CPU
		{10787C53-2F4E-4122-AC25-787EDD0FFDE1}.Release|Any CPU.ActiveCfg = Release|Any CPU
		{10787C53-2F4E-4122-AC25-787EDD0FFDE1}.Release|Any CPU.Build.0 = Release|Any CPU
		{A754540C-DB49-4991-BEFE-7E5023478988}.Debug|Any CPU.ActiveCfg = Debug|Any CPU
		{A754540C-DB49-4991-BEFE-7E5023478988}.Debug|Any CPU.Build.0 = Debug|Any CPU
		{A754540C-DB49-4991-BEFE-7E5023478988}.Release|Any CPU.ActiveCfg = Release|Any CPU
		{A754540C-DB49-4991-BEFE-7E5023478988}.Release|Any CPU.Build.0 = Release|Any CPU
		{46213546-9C07-4A29-880F-388186B25448}.Debug|Any CPU.ActiveCfg = Debug|Any CPU
		{46213546-9C07-4A29-880F-388186B25448}.Debug|Any CPU.Build.0 = Debug|Any CPU
		{46213546-9C07-4A29-880F-388186B25448}.Release|Any CPU.ActiveCfg = Release|Any CPU
		{46213546-9C07-4A29-880F-388186B25448}.Release|Any CPU.Build.0 = Release|Any CPU
	EndGlobalSection
	GlobalSection(SolutionProperties) = preSolution
		HideSolutionNode = FALSE
	EndGlobalSection
	GlobalSection(ExtensibilityGlobals) = postSolution
		SolutionGuid = {F48D8D51-18DC-4847-9E8C-1877BC4C9EEA}
	EndGlobalSection
EndGlobal
